// !$*UTF8*$!
{
	archiveVersion = 1;
	classes = {
	};
	objectVersion = 46;
	objects = {

/* Begin PBXBuildFile section */
		48657420143FAFD200CD1381 /* g2LabelEdit.cpp in Sources */ = {isa = PBXBuildFile; fileRef = 4865741E143FAFD200CD1381 /* g2LabelEdit.cpp */; };
		48657421143FAFD200CD1381 /* g2LabelEdit.h in Headers */ = {isa = PBXBuildFile; fileRef = 4865741F143FAFD200CD1381 /* g2LabelEdit.h */; settings = {ATTRIBUTES = (Public, ); }; };
		48657425143FB0FF00CD1381 /* g2Images.cpp in Sources */ = {isa = PBXBuildFile; fileRef = 48657423143FB0FF00CD1381 /* g2Images.cpp */; };
		48657426143FB0FF00CD1381 /* g2Images.h in Headers */ = {isa = PBXBuildFile; fileRef = 48657424143FB0FF00CD1381 /* g2Images.h */; settings = {ATTRIBUTES = (Public, ); }; };
		48657428143FB88000CD1381 /* stb_image.c in Sources */ = {isa = PBXBuildFile; fileRef = 48657427143FB88000CD1381 /* stb_image.c */; };
		4865742A143FB8EF00CD1381 /* stb_image.h in Headers */ = {isa = PBXBuildFile; fileRef = 48657429143FB8EF00CD1381 /* stb_image.h */; settings = {ATTRIBUTES = (Public, ); }; };
		4872FDDC142D3FAB00D74141 /* Cocoa.framework in Frameworks */ = {isa = PBXBuildFile; fileRef = 4872FDDB142D3FAB00D74141 /* Cocoa.framework */; };
		4872FEA2142D406300D74141 /* g2Button.cpp in Sources */ = {isa = PBXBuildFile; fileRef = 4872FE70142D406100D74141 /* g2Button.cpp */; };
		4872FEA3142D406300D74141 /* g2Button.h in Headers */ = {isa = PBXBuildFile; fileRef = 4872FE71142D406100D74141 /* g2Button.h */; settings = {ATTRIBUTES = (Public, ); }; };
		4872FEA4142D406300D74141 /* g2CheckBox.cpp in Sources */ = {isa = PBXBuildFile; fileRef = 4872FE72142D406100D74141 /* g2CheckBox.cpp */; };
		4872FEA5142D406300D74141 /* g2CheckBox.h in Headers */ = {isa = PBXBuildFile; fileRef = 4872FE73142D406100D74141 /* g2CheckBox.h */; settings = {ATTRIBUTES = (Public, ); }; };
		4872FEA6142D406300D74141 /* g2Config.cpp in Sources */ = {isa = PBXBuildFile; fileRef = 4872FE74142D406100D74141 /* g2Config.cpp */; };
		4872FEA7142D406300D74141 /* g2Config.h in Headers */ = {isa = PBXBuildFile; fileRef = 4872FE75142D406100D74141 /* g2Config.h */; settings = {ATTRIBUTES = (Public, ); }; };
		4872FEA8142D406300D74141 /* g2Console.cpp in Sources */ = {isa = PBXBuildFile; fileRef = 4872FE76142D406100D74141 /* g2Console.cpp */; };
		4872FEA9142D406300D74141 /* g2Console.h in Headers */ = {isa = PBXBuildFile; fileRef = 4872FE77142D406200D74141 /* g2Console.h */; settings = {ATTRIBUTES = (Public, ); }; };
		4872FEAA142D406300D74141 /* g2Controller.cpp in Sources */ = {isa = PBXBuildFile; fileRef = 4872FE78142D406200D74141 /* g2Controller.cpp */; };
		4872FEAB142D406300D74141 /* g2Controller.h in Headers */ = {isa = PBXBuildFile; fileRef = 4872FE79142D406200D74141 /* g2Controller.h */; settings = {ATTRIBUTES = (Public, ); }; };
		4872FEAE142D406300D74141 /* g2Dialog.cpp in Sources */ = {isa = PBXBuildFile; fileRef = 4872FE7C142D406200D74141 /* g2Dialog.cpp */; };
		4872FEAF142D406300D74141 /* g2Dialog.h in Headers */ = {isa = PBXBuildFile; fileRef = 4872FE7D142D406200D74141 /* g2Dialog.h */; settings = {ATTRIBUTES = (Public, ); }; };
		4872FEB0142D406300D74141 /* g2DropDown.cpp in Sources */ = {isa = PBXBuildFile; fileRef = 4872FE7E142D406200D74141 /* g2DropDown.cpp */; };
		4872FEB1142D406300D74141 /* g2DropDown.h in Headers */ = {isa = PBXBuildFile; fileRef = 4872FE7F142D406200D74141 /* g2DropDown.h */; settings = {ATTRIBUTES = (Public, ); }; };
		4872FEB2142D406300D74141 /* g2Label.cpp in Sources */ = {isa = PBXBuildFile; fileRef = 4872FE80142D406200D74141 /* g2Label.cpp */; };
		4872FEB3142D406300D74141 /* g2Label.h in Headers */ = {isa = PBXBuildFile; fileRef = 4872FE81142D406200D74141 /* g2Label.h */; settings = {ATTRIBUTES = (Public, ); }; };
		4872FEB5142D406300D74141 /* g2Panel.cpp in Sources */ = {isa = PBXBuildFile; fileRef = 4872FE83142D406200D74141 /* g2Panel.cpp */; };
		4872FEB6142D406300D74141 /* g2Panel.h in Headers */ = {isa = PBXBuildFile; fileRef = 4872FE84142D406200D74141 /* g2Panel.h */; settings = {ATTRIBUTES = (Public, ); }; };
		4872FEB7142D406300D74141 /* g2ProgressBar.cpp in Sources */ = {isa = PBXBuildFile; fileRef = 4872FE85142D406200D74141 /* g2ProgressBar.cpp */; };
		4872FEB8142D406300D74141 /* g2ProgressBar.h in Headers */ = {isa = PBXBuildFile; fileRef = 4872FE86142D406200D74141 /* g2ProgressBar.h */; settings = {ATTRIBUTES = (Public, ); }; };
		4872FEB9142D406300D74141 /* g2RadioGroup.cpp in Sources */ = {isa = PBXBuildFile; fileRef = 4872FE87142D406200D74141 /* g2RadioGroup.cpp */; };
		4872FEBA142D406300D74141 /* g2RadioGroup.h in Headers */ = {isa = PBXBuildFile; fileRef = 4872FE88142D406200D74141 /* g2RadioGroup.h */; settings = {ATTRIBUTES = (Public, ); }; };
		4872FEBB142D406300D74141 /* g2Slider.cpp in Sources */ = {isa = PBXBuildFile; fileRef = 4872FE89142D406200D74141 /* g2Slider.cpp */; };
		4872FEBC142D406300D74141 /* g2Slider.h in Headers */ = {isa = PBXBuildFile; fileRef = 4872FE8A142D406200D74141 /* g2Slider.h */; settings = {ATTRIBUTES = (Public, ); }; };
		4872FEBD142D406300D74141 /* g2Spinner.cpp in Sources */ = {isa = PBXBuildFile; fileRef = 4872FE8B142D406200D74141 /* g2Spinner.cpp */; };
		4872FEBE142D406300D74141 /* g2Spinner.h in Headers */ = {isa = PBXBuildFile; fileRef = 4872FE8C142D406200D74141 /* g2Spinner.h */; settings = {ATTRIBUTES = (Public, ); }; };
		4872FEC1142D406300D74141 /* g2TextField.cpp in Sources */ = {isa = PBXBuildFile; fileRef = 4872FE8F142D406200D74141 /* g2TextField.cpp */; };
		4872FEC2142D406300D74141 /* g2TextField.h in Headers */ = {isa = PBXBuildFile; fileRef = 4872FE90142D406200D74141 /* g2TextField.h */; settings = {ATTRIBUTES = (Public, ); }; };
		4872FEC3142D406300D74141 /* g2Theme.cpp in Sources */ = {isa = PBXBuildFile; fileRef = 4872FE91142D406200D74141 /* g2Theme.cpp */; };
		4872FEC4142D406300D74141 /* g2Theme.h in Headers */ = {isa = PBXBuildFile; fileRef = 4872FE92142D406200D74141 /* g2Theme.h */; settings = {ATTRIBUTES = (Public, ); }; };
		4872FEC5142D406300D74141 /* g2Utilities.cpp in Sources */ = {isa = PBXBuildFile; fileRef = 4872FE93142D406300D74141 /* g2Utilities.cpp */; };
		4872FEC6142D406300D74141 /* g2Utilities.h in Headers */ = {isa = PBXBuildFile; fileRef = 4872FE94142D406300D74141 /* g2Utilities.h */; settings = {ATTRIBUTES = (Public, ); }; };
		4872FEC7142D406300D74141 /* glui2.cpp in Sources */ = {isa = PBXBuildFile; fileRef = 4872FE95142D406300D74141 /* glui2.cpp */; };
		4872FEC8142D406300D74141 /* glui2.h in Headers */ = {isa = PBXBuildFile; fileRef = 4872FE96142D406300D74141 /* glui2.h */; settings = {ATTRIBUTES = (Public, ); }; };
		4872FEE3142D422D00D74141 /* GLUT.framework in Frameworks */ = {isa = PBXBuildFile; fileRef = 4872FEE2142D422D00D74141 /* GLUT.framework */; };
		4872FEE5142D423400D74141 /* OpenGL.framework in Frameworks */ = {isa = PBXBuildFile; fileRef = 4872FEE4142D423300D74141 /* OpenGL.framework */; };
		48E527F5142D803000775F4D /* g2AppKit.h in Headers */ = {isa = PBXBuildFile; fileRef = 48E527F4142D803000775F4D /* g2AppKit.h */; settings = {ATTRIBUTES = (Private, ); }; };
		48E527FF142D8C4500775F4D /* g2AppKit.mm in Sources */ = {isa = PBXBuildFile; fileRef = 48E527FE142D8C4500775F4D /* g2AppKit.mm */; };
/* End PBXBuildFile section */

/* Begin PBXFileReference section */
		4865741E143FAFD200CD1381 /* g2LabelEdit.cpp */ = {isa = PBXFileReference; fileEncoding = 4; lastKnownFileType = sourcecode.cpp.cpp; path = g2LabelEdit.cpp; sourceTree = "<group>"; };
		4865741F143FAFD200CD1381 /* g2LabelEdit.h */ = {isa = PBXFileReference; fileEncoding = 4; lastKnownFileType = sourcecode.c.h; path = g2LabelEdit.h; sourceTree = "<group>"; };
		48657423143FB0FF00CD1381 /* g2Images.cpp */ = {isa = PBXFileReference; fileEncoding = 4; lastKnownFileType = sourcecode.cpp.cpp; path = g2Images.cpp; sourceTree = "<group>"; };
		48657424143FB0FF00CD1381 /* g2Images.h */ = {isa = PBXFileReference; fileEncoding = 4; lastKnownFileType = sourcecode.c.h; path = g2Images.h; sourceTree = "<group>"; };
		48657427143FB88000CD1381 /* stb_image.c */ = {isa = PBXFileReference; fileEncoding = 4; lastKnownFileType = sourcecode.c.c; path = stb_image.c; sourceTree = "<group>"; };
		48657429143FB8EF00CD1381 /* stb_image.h */ = {isa = PBXFileReference; fileEncoding = 4; lastKnownFileType = sourcecode.c.h; path = stb_image.h; sourceTree = "<group>"; };
		4872FDD8142D3FAB00D74141 /* Glui2.framework */ = {isa = PBXFileReference; explicitFileType = wrapper.framework; includeInIndex = 0; path = Glui2.framework; sourceTree = BUILT_PRODUCTS_DIR; };
		4872FDDB142D3FAB00D74141 /* Cocoa.framework */ = {isa = PBXFileReference; lastKnownFileType = wrapper.framework; name = Cocoa.framework; path = System/Library/Frameworks/Cocoa.framework; sourceTree = SDKROOT; };
		4872FDDE142D3FAB00D74141 /* AppKit.framework */ = {isa = PBXFileReference; lastKnownFileType = wrapper.framework; name = AppKit.framework; path = System/Library/Frameworks/AppKit.framework; sourceTree = SDKROOT; };
		4872FDDF142D3FAB00D74141 /* CoreData.framework */ = {isa = PBXFileReference; lastKnownFileType = wrapper.framework; name = CoreData.framework; path = System/Library/Frameworks/CoreData.framework; sourceTree = SDKROOT; };
		4872FDE0142D3FAB00D74141 /* Foundation.framework */ = {isa = PBXFileReference; lastKnownFileType = wrapper.framework; name = Foundation.framework; path = System/Library/Frameworks/Foundation.framework; sourceTree = SDKROOT; };
		4872FE6A142D406100D74141 /* default.png */ = {isa = PBXFileReference; lastKnownFileType = image.png; path = default.png; sourceTree = "<group>"; };
		4872FE6E142D406100D74141 /* g2Blue.cfg */ = {isa = PBXFileReference; fileEncoding = 4; lastKnownFileType = text; path = g2Blue.cfg; sourceTree = "<group>"; };
		4872FE6F142D406100D74141 /* g2Blue.png */ = {isa = PBXFileReference; lastKnownFileType = image.png; path = g2Blue.png; sourceTree = "<group>"; };
		4872FE70142D406100D74141 /* g2Button.cpp */ = {isa = PBXFileReference; fileEncoding = 4; lastKnownFileType = sourcecode.cpp.cpp; path = g2Button.cpp; sourceTree = "<group>"; };
		4872FE71142D406100D74141 /* g2Button.h */ = {isa = PBXFileReference; fileEncoding = 4; lastKnownFileType = sourcecode.c.h; path = g2Button.h; sourceTree = "<group>"; };
		4872FE72142D406100D74141 /* g2CheckBox.cpp */ = {isa = PBXFileReference; fileEncoding = 4; lastKnownFileType = sourcecode.cpp.cpp; path = g2CheckBox.cpp; sourceTree = "<group>"; };
		4872FE73142D406100D74141 /* g2CheckBox.h */ = {isa = PBXFileReference; fileEncoding = 4; lastKnownFileType = sourcecode.c.h; path = g2CheckBox.h; sourceTree = "<group>"; };
		4872FE74142D406100D74141 /* g2Config.cpp */ = {isa = PBXFileReference; fileEncoding = 4; lastKnownFileType = sourcecode.cpp.cpp; path = g2Config.cpp; sourceTree = "<group>"; };
		4872FE75142D406100D74141 /* g2Config.h */ = {isa = PBXFileReference; fileEncoding = 4; lastKnownFileType = sourcecode.c.h; path = g2Config.h; sourceTree = "<group>"; };
		4872FE76142D406100D74141 /* g2Console.cpp */ = {isa = PBXFileReference; fileEncoding = 4; lastKnownFileType = sourcecode.cpp.cpp; path = g2Console.cpp; sourceTree = "<group>"; };
		4872FE77142D406200D74141 /* g2Console.h */ = {isa = PBXFileReference; fileEncoding = 4; lastKnownFileType = sourcecode.c.h; path = g2Console.h; sourceTree = "<group>"; };
		4872FE78142D406200D74141 /* g2Controller.cpp */ = {isa = PBXFileReference; fileEncoding = 4; lastKnownFileType = sourcecode.cpp.cpp; path = g2Controller.cpp; sourceTree = "<group>"; };
		4872FE79142D406200D74141 /* g2Controller.h */ = {isa = PBXFileReference; fileEncoding = 4; lastKnownFileType = sourcecode.c.h; path = g2Controller.h; sourceTree = "<group>"; };
		4872FE7A142D406200D74141 /* g2Default.cfg */ = {isa = PBXFileReference; fileEncoding = 4; lastKnownFileType = text; path = g2Default.cfg; sourceTree = "<group>"; };
		4872FE7B142D406200D74141 /* g2Default.png */ = {isa = PBXFileReference; lastKnownFileType = image.png; path = g2Default.png; sourceTree = "<group>"; };
		4872FE7C142D406200D74141 /* g2Dialog.cpp */ = {isa = PBXFileReference; fileEncoding = 4; lastKnownFileType = sourcecode.cpp.cpp; path = g2Dialog.cpp; sourceTree = "<group>"; };
		4872FE7D142D406200D74141 /* g2Dialog.h */ = {isa = PBXFileReference; fileEncoding = 4; lastKnownFileType = sourcecode.c.h; path = g2Dialog.h; sourceTree = "<group>"; };
		4872FE7E142D406200D74141 /* g2DropDown.cpp */ = {isa = PBXFileReference; fileEncoding = 4; lastKnownFileType = sourcecode.cpp.cpp; path = g2DropDown.cpp; sourceTree = "<group>"; };
		4872FE7F142D406200D74141 /* g2DropDown.h */ = {isa = PBXFileReference; fileEncoding = 4; lastKnownFileType = sourcecode.c.h; path = g2DropDown.h; sourceTree = "<group>"; };
		4872FE80142D406200D74141 /* g2Label.cpp */ = {isa = PBXFileReference; fileEncoding = 4; lastKnownFileType = sourcecode.cpp.cpp; path = g2Label.cpp; sourceTree = "<group>"; };
		4872FE81142D406200D74141 /* g2Label.h */ = {isa = PBXFileReference; fileEncoding = 4; lastKnownFileType = sourcecode.c.h; path = g2Label.h; sourceTree = "<group>"; };
		4872FE83142D406200D74141 /* g2Panel.cpp */ = {isa = PBXFileReference; fileEncoding = 4; lastKnownFileType = sourcecode.cpp.cpp; path = g2Panel.cpp; sourceTree = "<group>"; };
		4872FE84142D406200D74141 /* g2Panel.h */ = {isa = PBXFileReference; fileEncoding = 4; lastKnownFileType = sourcecode.c.h; path = g2Panel.h; sourceTree = "<group>"; };
		4872FE85142D406200D74141 /* g2ProgressBar.cpp */ = {isa = PBXFileReference; fileEncoding = 4; lastKnownFileType = sourcecode.cpp.cpp; path = g2ProgressBar.cpp; sourceTree = "<group>"; };
		4872FE86142D406200D74141 /* g2ProgressBar.h */ = {isa = PBXFileReference; fileEncoding = 4; lastKnownFileType = sourcecode.c.h; path = g2ProgressBar.h; sourceTree = "<group>"; };
		4872FE87142D406200D74141 /* g2RadioGroup.cpp */ = {isa = PBXFileReference; fileEncoding = 4; lastKnownFileType = sourcecode.cpp.cpp; path = g2RadioGroup.cpp; sourceTree = "<group>"; };
		4872FE88142D406200D74141 /* g2RadioGroup.h */ = {isa = PBXFileReference; fileEncoding = 4; lastKnownFileType = sourcecode.c.h; path = g2RadioGroup.h; sourceTree = "<group>"; };
		4872FE89142D406200D74141 /* g2Slider.cpp */ = {isa = PBXFileReference; fileEncoding = 4; lastKnownFileType = sourcecode.cpp.cpp; path = g2Slider.cpp; sourceTree = "<group>"; };
		4872FE8A142D406200D74141 /* g2Slider.h */ = {isa = PBXFileReference; fileEncoding = 4; lastKnownFileType = sourcecode.c.h; path = g2Slider.h; sourceTree = "<group>"; };
		4872FE8B142D406200D74141 /* g2Spinner.cpp */ = {isa = PBXFileReference; fileEncoding = 4; lastKnownFileType = sourcecode.cpp.cpp; path = g2Spinner.cpp; sourceTree = "<group>"; };
		4872FE8C142D406200D74141 /* g2Spinner.h */ = {isa = PBXFileReference; fileEncoding = 4; lastKnownFileType = sourcecode.c.h; path = g2Spinner.h; sourceTree = "<group>"; };
		4872FE8F142D406200D74141 /* g2TextField.cpp */ = {isa = PBXFileReference; fileEncoding = 4; lastKnownFileType = sourcecode.cpp.cpp; path = g2TextField.cpp; sourceTree = "<group>"; };
		4872FE90142D406200D74141 /* g2TextField.h */ = {isa = PBXFileReference; fileEncoding = 4; lastKnownFileType = sourcecode.c.h; path = g2TextField.h; sourceTree = "<group>"; };
		4872FE91142D406200D74141 /* g2Theme.cpp */ = {isa = PBXFileReference; fileEncoding = 4; lastKnownFileType = sourcecode.cpp.cpp; path = g2Theme.cpp; sourceTree = "<group>"; };
		4872FE92142D406200D74141 /* g2Theme.h */ = {isa = PBXFileReference; fileEncoding = 4; lastKnownFileType = sourcecode.c.h; path = g2Theme.h; sourceTree = "<group>"; };
		4872FE93142D406300D74141 /* g2Utilities.cpp */ = {isa = PBXFileReference; fileEncoding = 4; lastKnownFileType = sourcecode.cpp.cpp; path = g2Utilities.cpp; sourceTree = "<group>"; };
		4872FE94142D406300D74141 /* g2Utilities.h */ = {isa = PBXFileReference; fileEncoding = 4; lastKnownFileType = sourcecode.c.h; path = g2Utilities.h; sourceTree = "<group>"; };
		4872FE95142D406300D74141 /* glui2.cpp */ = {isa = PBXFileReference; fileEncoding = 4; lastKnownFileType = sourcecode.cpp.cpp; path = glui2.cpp; sourceTree = "<group>"; };
		4872FE96142D406300D74141 /* glui2.h */ = {isa = PBXFileReference; fileEncoding = 4; lastKnownFileType = sourcecode.c.h; path = glui2.h; sourceTree = "<group>"; };
		4872FE99142D406300D74141 /* GWEN.cfg */ = {isa = PBXFileReference; fileEncoding = 4; lastKnownFileType = text; path = GWEN.cfg; sourceTree = "<group>"; };
		4872FE9A142D406300D74141 /* GWEN.png */ = {isa = PBXFileReference; lastKnownFileType = image.png; path = GWEN.png; sourceTree = "<group>"; };
		4872FE9B142D406300D74141 /* License.txt */ = {isa = PBXFileReference; fileEncoding = 4; lastKnownFileType = text; path = License.txt; sourceTree = "<group>"; };
		4872FEE2142D422D00D74141 /* GLUT.framework */ = {isa = PBXFileReference; lastKnownFileType = wrapper.framework; name = GLUT.framework; path = System/Library/Frameworks/GLUT.framework; sourceTree = SDKROOT; };
		4872FEE4142D423300D74141 /* OpenGL.framework */ = {isa = PBXFileReference; lastKnownFileType = wrapper.framework; name = OpenGL.framework; path = System/Library/Frameworks/OpenGL.framework; sourceTree = SDKROOT; };
		48E527F4142D803000775F4D /* g2AppKit.h */ = {isa = PBXFileReference; fileEncoding = 4; lastKnownFileType = sourcecode.c.h; path = g2AppKit.h; sourceTree = "<group>"; };
		48E527FE142D8C4500775F4D /* g2AppKit.mm */ = {isa = PBXFileReference; fileEncoding = 4; lastKnownFileType = sourcecode.cpp.objcpp; path = g2AppKit.mm; sourceTree = "<group>"; };
/* End PBXFileReference section */

/* Begin PBXFrameworksBuildPhase section */
		4872FDD4142D3FAB00D74141 /* Frameworks */ = {
			isa = PBXFrameworksBuildPhase;
			buildActionMask = 2147483647;
			files = (
				4872FEE5142D423400D74141 /* OpenGL.framework in Frameworks */,
				4872FEE3142D422D00D74141 /* GLUT.framework in Frameworks */,
				4872FDDC142D3FAB00D74141 /* Cocoa.framework in Frameworks */,
			);
			runOnlyForDeploymentPostprocessing = 0;
		};
/* End PBXFrameworksBuildPhase section */

/* Begin PBXGroup section */
		4872FDCC142D3FAB00D74141 = {
			isa = PBXGroup;
			children = (
				4872FDE1142D3FAB00D74141 /* Glui2 */,
				4872FDDA142D3FAB00D74141 /* Frameworks */,
				4872FDD9142D3FAB00D74141 /* Products */,
			);
			sourceTree = "<group>";
		};
		4872FDD9142D3FAB00D74141 /* Products */ = {
			isa = PBXGroup;
			children = (
				4872FDD8142D3FAB00D74141 /* Glui2.framework */,
			);
			name = Products;
			sourceTree = "<group>";
		};
		4872FDDA142D3FAB00D74141 /* Frameworks */ = {
			isa = PBXGroup;
			children = (
				4872FEE4142D423300D74141 /* OpenGL.framework */,
				4872FEE2142D422D00D74141 /* GLUT.framework */,
				4872FDDE142D3FAB00D74141 /* AppKit.framework */,
				4872FDDF142D3FAB00D74141 /* CoreData.framework */,
				4872FDE0142D3FAB00D74141 /* Foundation.framework */,
				4872FDDB142D3FAB00D74141 /* Cocoa.framework */,
			);
			name = Frameworks;
			sourceTree = "<group>";
		};
		4872FDE1142D3FAB00D74141 /* Glui2 */ = {
			isa = PBXGroup;
			children = (
				4872FE9B142D406300D74141 /* License.txt */,
				4872FDEF142D3FEF00D74141 /* Resources */,
				4872FDE2142D3FAB00D74141 /* Shared */,
				4872FDEE142D3FEB00D74141 /* Controllers */,
			);
			path = Glui2;
			sourceTree = "<group>";
		};
		4872FDE2142D3FAB00D74141 /* Shared */ = {
			isa = PBXGroup;
			children = (
				4872FE95142D406300D74141 /* glui2.cpp */,
				4872FE96142D406300D74141 /* glui2.h */,
				4872FE78142D406200D74141 /* g2Controller.cpp */,
				4872FE79142D406200D74141 /* g2Controller.h */,
				4872FE74142D406100D74141 /* g2Config.cpp */,
				4872FE75142D406100D74141 /* g2Config.h */,
				4872FE91142D406200D74141 /* g2Theme.cpp */,
				4872FE92142D406200D74141 /* g2Theme.h */,
				4872FE93142D406300D74141 /* g2Utilities.cpp */,
				4872FE94142D406300D74141 /* g2Utilities.h */,
				48657423143FB0FF00CD1381 /* g2Images.cpp */,
				48657424143FB0FF00CD1381 /* g2Images.h */,
				48657427143FB88000CD1381 /* stb_image.c */,
				48657429143FB8EF00CD1381 /* stb_image.h */,
			);
			name = Shared;
			sourceTree = "<group>";
		};
		4872FDEE142D3FEB00D74141 /* Controllers */ = {
			isa = PBXGroup;
			children = (
				4872FE70142D406100D74141 /* g2Button.cpp */,
				4872FE71142D406100D74141 /* g2Button.h */,
				4872FE72142D406100D74141 /* g2CheckBox.cpp */,
				4872FE73142D406100D74141 /* g2CheckBox.h */,
				4872FE76142D406100D74141 /* g2Console.cpp */,
				4872FE77142D406200D74141 /* g2Console.h */,
				4872FE7C142D406200D74141 /* g2Dialog.cpp */,
				4872FE7D142D406200D74141 /* g2Dialog.h */,
				4872FE7E142D406200D74141 /* g2DropDown.cpp */,
				4872FE7F142D406200D74141 /* g2DropDown.h */,
				4872FE80142D406200D74141 /* g2Label.cpp */,
				4872FE81142D406200D74141 /* g2Label.h */,
				4865741E143FAFD200CD1381 /* g2LabelEdit.cpp */,
				4865741F143FAFD200CD1381 /* g2LabelEdit.h */,
				4872FE83142D406200D74141 /* g2Panel.cpp */,
				4872FE84142D406200D74141 /* g2Panel.h */,
				4872FE85142D406200D74141 /* g2ProgressBar.cpp */,
				4872FE86142D406200D74141 /* g2ProgressBar.h */,
				4872FE87142D406200D74141 /* g2RadioGroup.cpp */,
				4872FE88142D406200D74141 /* g2RadioGroup.h */,
				4872FE89142D406200D74141 /* g2Slider.cpp */,
				4872FE8A142D406200D74141 /* g2Slider.h */,
				4872FE8B142D406200D74141 /* g2Spinner.cpp */,
				4872FE8C142D406200D74141 /* g2Spinner.h */,
				4872FE8F142D406200D74141 /* g2TextField.cpp */,
				4872FE90142D406200D74141 /* g2TextField.h */,
				48E527FE142D8C4500775F4D /* g2AppKit.mm */,
				48E527F4142D803000775F4D /* g2AppKit.h */,
			);
			name = Controllers;
			sourceTree = "<group>";
		};
		4872FDEF142D3FEF00D74141 /* Resources */ = {
			isa = PBXGroup;
			children = (
				4872FE6A142D406100D74141 /* default.png */,
				4872FE6E142D406100D74141 /* g2Blue.cfg */,
				4872FE6F142D406100D74141 /* g2Blue.png */,
				4872FE7A142D406200D74141 /* g2Default.cfg */,
				4872FE7B142D406200D74141 /* g2Default.png */,
				4872FE99142D406300D74141 /* GWEN.cfg */,
				4872FE9A142D406300D74141 /* GWEN.png */,
			);
			name = Resources;
			sourceTree = "<group>";
		};
/* End PBXGroup section */

/* Begin PBXHeadersBuildPhase section */
		4872FDD5142D3FAB00D74141 /* Headers */ = {
			isa = PBXHeadersBuildPhase;
			buildActionMask = 2147483647;
			files = (
				4872FEA3142D406300D74141 /* g2Button.h in Headers */,
				4872FEA5142D406300D74141 /* g2CheckBox.h in Headers */,
				4872FEA7142D406300D74141 /* g2Config.h in Headers */,
				4872FEA9142D406300D74141 /* g2Console.h in Headers */,
				4872FEAB142D406300D74141 /* g2Controller.h in Headers */,
				4872FEAF142D406300D74141 /* g2Dialog.h in Headers */,
				4872FEB1142D406300D74141 /* g2DropDown.h in Headers */,
				4872FEB3142D406300D74141 /* g2Label.h in Headers */,
				4872FEB6142D406300D74141 /* g2Panel.h in Headers */,
				4872FEB8142D406300D74141 /* g2ProgressBar.h in Headers */,
				4872FEBA142D406300D74141 /* g2RadioGroup.h in Headers */,
				4872FEBC142D406300D74141 /* g2Slider.h in Headers */,
				48657421143FAFD200CD1381 /* g2LabelEdit.h in Headers */,
				48657426143FB0FF00CD1381 /* g2Images.h in Headers */,
				4872FEBE142D406300D74141 /* g2Spinner.h in Headers */,
				4865742A143FB8EF00CD1381 /* stb_image.h in Headers */,
				4872FEC2142D406300D74141 /* g2TextField.h in Headers */,
				4872FEC4142D406300D74141 /* g2Theme.h in Headers */,
				4872FEC6142D406300D74141 /* g2Utilities.h in Headers */,
				4872FEC8142D406300D74141 /* glui2.h in Headers */,
				48E527F5142D803000775F4D /* g2AppKit.h in Headers */,
			);
			runOnlyForDeploymentPostprocessing = 0;
		};
/* End PBXHeadersBuildPhase section */

/* Begin PBXNativeTarget section */
		4872FDD7142D3FAB00D74141 /* Glui2 */ = {
			isa = PBXNativeTarget;
			buildConfigurationList = 4872FDEA142D3FAB00D74141 /* Build configuration list for PBXNativeTarget "Glui2" */;
			buildPhases = (
				4872FDD3142D3FAB00D74141 /* Sources */,
				4872FDD4142D3FAB00D74141 /* Frameworks */,
				4872FDD5142D3FAB00D74141 /* Headers */,
				4872FDD6142D3FAB00D74141 /* Resources */,
			);
			buildRules = (
			);
			dependencies = (
			);
			name = Glui2;
			productName = Glui2;
			productReference = 4872FDD8142D3FAB00D74141 /* Glui2.framework */;
			productType = "com.apple.product-type.framework";
		};
/* End PBXNativeTarget section */

/* Begin PBXProject section */
		4872FDCE142D3FAB00D74141 /* Project object */ = {
			isa = PBXProject;
			attributes = {
				ORGANIZATIONNAME = "Core S2 Software Solutions";
			};
			buildConfigurationList = 4872FDD1142D3FAB00D74141 /* Build configuration list for PBXProject "Glui2" */;
			compatibilityVersion = "Xcode 3.2";
			developmentRegion = English;
			hasScannedForEncodings = 0;
			knownRegions = (
				en,
			);
			mainGroup = 4872FDCC142D3FAB00D74141;
			productRefGroup = 4872FDD9142D3FAB00D74141 /* Products */;
			projectDirPath = "";
			projectRoot = "";
			targets = (
				4872FDD7142D3FAB00D74141 /* Glui2 */,
			);
		};
/* End PBXProject section */

/* Begin PBXResourcesBuildPhase section */
		4872FDD6142D3FAB00D74141 /* Resources */ = {
			isa = PBXResourcesBuildPhase;
			buildActionMask = 2147483647;
			files = (
			);
			runOnlyForDeploymentPostprocessing = 0;
		};
/* End PBXResourcesBuildPhase section */

/* Begin PBXSourcesBuildPhase section */
		4872FDD3142D3FAB00D74141 /* Sources */ = {
			isa = PBXSourcesBuildPhase;
			buildActionMask = 2147483647;
			files = (
				4872FEA2142D406300D74141 /* g2Button.cpp in Sources */,
				4872FEA4142D406300D74141 /* g2CheckBox.cpp in Sources */,
				4872FEA6142D406300D74141 /* g2Config.cpp in Sources */,
				4872FEA8142D406300D74141 /* g2Console.cpp in Sources */,
				4872FEAA142D406300D74141 /* g2Controller.cpp in Sources */,
				4872FEAE142D406300D74141 /* g2Dialog.cpp in Sources */,
				4872FEB0142D406300D74141 /* g2DropDown.cpp in Sources */,
				4872FEB2142D406300D74141 /* g2Label.cpp in Sources */,
				4872FEB5142D406300D74141 /* g2Panel.cpp in Sources */,
				4872FEB7142D406300D74141 /* g2ProgressBar.cpp in Sources */,
				4872FEB9142D406300D74141 /* g2RadioGroup.cpp in Sources */,
				4872FEBB142D406300D74141 /* g2Slider.cpp in Sources */,
				4872FEBD142D406300D74141 /* g2Spinner.cpp in Sources */,
				4872FEC1142D406300D74141 /* g2TextField.cpp in Sources */,
				4872FEC3142D406300D74141 /* g2Theme.cpp in Sources */,
				4872FEC5142D406300D74141 /* g2Utilities.cpp in Sources */,
				4872FEC7142D406300D74141 /* glui2.cpp in Sources */,
				48E527FF142D8C4500775F4D /* g2AppKit.mm in Sources */,
				48657420143FAFD200CD1381 /* g2LabelEdit.cpp in Sources */,
				48657425143FB0FF00CD1381 /* g2Images.cpp in Sources */,
				48657428143FB88000CD1381 /* stb_image.c in Sources */,
			);
			runOnlyForDeploymentPostprocessing = 0;
		};
/* End PBXSourcesBuildPhase section */

/* Begin XCBuildConfiguration section */
		4872FDE8142D3FAB00D74141 /* Debug */ = {
			isa = XCBuildConfiguration;
			buildSettings = {
				ARCHS = "$(ARCHS_STANDARD_32_64_BIT)";
				DEPLOYMENT_LOCATION = YES;
				DSTROOT = /;
				GCC_C_LANGUAGE_STANDARD = gnu99;
				GCC_OPTIMIZATION_LEVEL = 0;
				GCC_PREPROCESSOR_DEFINITIONS = DEBUG;
				GCC_SYMBOLS_PRIVATE_EXTERN = NO;
				GCC_VERSION = com.apple.compilers.llvm.clang.1_0;
				GCC_WARN_64_TO_32_BIT_CONVERSION = YES;
				GCC_WARN_ABOUT_RETURN_TYPE = YES;
				GCC_WARN_UNUSED_VARIABLE = YES;
				INSTALL_PATH = "$(HOME)/Library/Frameworks";
				MACOSX_DEPLOYMENT_TARGET = 10.6;
				ONLY_ACTIVE_ARCH = YES;
				SDKROOT = macosx;
			};
			name = Debug;
		};
		4872FDE9142D3FAB00D74141 /* Release */ = {
			isa = XCBuildConfiguration;
			buildSettings = {
				ARCHS = "$(ARCHS_STANDARD_32_64_BIT)";
				DEPLOYMENT_LOCATION = YES;
				DSTROOT = /;
				GCC_C_LANGUAGE_STANDARD = gnu99;
				GCC_VERSION = com.apple.compilers.llvm.clang.1_0;
				GCC_WARN_64_TO_32_BIT_CONVERSION = YES;
				GCC_WARN_ABOUT_RETURN_TYPE = YES;
				GCC_WARN_UNUSED_VARIABLE = YES;
				INSTALL_PATH = "$(HOME)/Library/Frameworks";
				MACOSX_DEPLOYMENT_TARGET = 10.6;
				ONLY_ACTIVE_ARCH = YES;
				SDKROOT = macosx;
			};
			name = Release;
		};
		4872FDEB142D3FAB00D74141 /* Debug */ = {
			isa = XCBuildConfiguration;
			buildSettings = {
				ALWAYS_SEARCH_USER_PATHS = NO;
				CONFIGURATION_BUILD_DIR = /Library/Frameworks;
				COPY_PHASE_STRIP = NO;
				DEPLOYMENT_LOCATION = NO;
				DYLIB_COMPATIBILITY_VERSION = 1;
				DYLIB_CURRENT_VERSION = 1;
				FRAMEWORK_VERSION = A;
				GCC_DYNAMIC_NO_PIC = NO;
				GCC_ENABLE_OBJC_EXCEPTIONS = YES;
				GCC_PRECOMPILE_PREFIX_HEADER = YES;
				GCC_PREFIX_HEADER = "";
				GCC_VERSION = com.apple.compilers.llvm.clang.1_0;
				INFOPLIST_FILE = "";
				PRODUCT_NAME = "$(TARGET_NAME)";
				SYMROOT = build;
				WRAPPER_EXTENSION = framework;
			};
			name = Debug;
		};
		4872FDEC142D3FAB00D74141 /* Release */ = {
			isa = XCBuildConfiguration;
			buildSettings = {
				ALWAYS_SEARCH_USER_PATHS = NO;
				CONFIGURATION_BUILD_DIR = /Library/Frameworks;
				COPY_PHASE_STRIP = YES;
				DEBUG_INFORMATION_FORMAT = "dwarf-with-dsym";
				DEPLOYMENT_LOCATION = NO;
				DYLIB_COMPATIBILITY_VERSION = 1;
				DYLIB_CURRENT_VERSION = 1;
				FRAMEWORK_VERSION = A;
				GCC_ENABLE_OBJC_EXCEPTIONS = YES;
				GCC_PRECOMPILE_PREFIX_HEADER = YES;
				GCC_PREFIX_HEADER = "";
				GCC_VERSION = com.apple.compilers.llvm.clang.1_0;
				INFOPLIST_FILE = "";
				PRODUCT_NAME = "$(TARGET_NAME)";
				SYMROOT = build;
				WRAPPER_EXTENSION = framework;
			};
			name = Release;
		};
/* End XCBuildConfiguration section */

/* Begin XCConfigurationList section */
		4872FDD1142D3FAB00D74141 /* Build configuration list for PBXProject "Glui2" */ = {
			isa = XCConfigurationList;
			buildConfigurations = (
				4872FDE8142D3FAB00D74141 /* Debug */,
				4872FDE9142D3FAB00D74141 /* Release */,
			);
			defaultConfigurationIsVisible = 0;
			defaultConfigurationName = Release;
		};
		4872FDEA142D3FAB00D74141 /* Build configuration list for PBXNativeTarget "Glui2" */ = {
			isa = XCConfigurationList;
			buildConfigurations = (
				4872FDEB142D3FAB00D74141 /* Debug */,
				4872FDEC142D3FAB00D74141 /* Release */,
			);
			defaultConfigurationIsVisible = 0;
			defaultConfigurationName = Release;
		};
/* End XCConfigurationList section */
	};
	rootObject = 4872FDCE142D3FAB00D74141 /* Project object */;
}
