// !$*UTF8*$!
{
	archiveVersion = 1;
	classes = {
	};
	objectVersion = 46;
	objects = {

/* Begin PBXBuildFile section */
		06645B6414FC4BEC004C1BE5 /* default.png in Resources */ = {isa = PBXBuildFile; fileRef = 06645B3214FC4BEC004C1BE5 /* default.png */; };
		06645B6514FC4BEC004C1BE5 /* g2AppKit.h in Headers */ = {isa = PBXBuildFile; fileRef = 06645B3314FC4BEC004C1BE5 /* g2AppKit.h */; };
		06645B6614FC4BEC004C1BE5 /* g2AppKit.mm in Sources */ = {isa = PBXBuildFile; fileRef = 06645B3414FC4BEC004C1BE5 /* g2AppKit.mm */; };
		06645B6714FC4BEC004C1BE5 /* g2Blue.cfg in Resources */ = {isa = PBXBuildFile; fileRef = 06645B3514FC4BEC004C1BE5 /* g2Blue.cfg */; };
		06645B6814FC4BEC004C1BE5 /* g2Blue.png in Resources */ = {isa = PBXBuildFile; fileRef = 06645B3614FC4BEC004C1BE5 /* g2Blue.png */; };
		06645B6914FC4BEC004C1BE5 /* g2Button.cpp in Sources */ = {isa = PBXBuildFile; fileRef = 06645B3714FC4BEC004C1BE5 /* g2Button.cpp */; };
		06645B6A14FC4BEC004C1BE5 /* g2Button.h in Headers */ = {isa = PBXBuildFile; fileRef = 06645B3814FC4BEC004C1BE5 /* g2Button.h */; };
		06645B6B14FC4BEC004C1BE5 /* g2CheckBox.cpp in Sources */ = {isa = PBXBuildFile; fileRef = 06645B3914FC4BEC004C1BE5 /* g2CheckBox.cpp */; };
		06645B6C14FC4BEC004C1BE5 /* g2CheckBox.h in Headers */ = {isa = PBXBuildFile; fileRef = 06645B3A14FC4BEC004C1BE5 /* g2CheckBox.h */; };
		06645B6D14FC4BEC004C1BE5 /* g2Config.cpp in Sources */ = {isa = PBXBuildFile; fileRef = 06645B3B14FC4BEC004C1BE5 /* g2Config.cpp */; };
		06645B6E14FC4BEC004C1BE5 /* g2Config.h in Headers */ = {isa = PBXBuildFile; fileRef = 06645B3C14FC4BEC004C1BE5 /* g2Config.h */; };
		06645B6F14FC4BEC004C1BE5 /* g2Console.cpp in Sources */ = {isa = PBXBuildFile; fileRef = 06645B3D14FC4BEC004C1BE5 /* g2Console.cpp */; };
		06645B7014FC4BEC004C1BE5 /* g2Console.h in Headers */ = {isa = PBXBuildFile; fileRef = 06645B3E14FC4BEC004C1BE5 /* g2Console.h */; };
		06645B7114FC4BEC004C1BE5 /* g2Controller.cpp in Sources */ = {isa = PBXBuildFile; fileRef = 06645B3F14FC4BEC004C1BE5 /* g2Controller.cpp */; };
		06645B7214FC4BEC004C1BE5 /* g2Controller.h in Headers */ = {isa = PBXBuildFile; fileRef = 06645B4014FC4BEC004C1BE5 /* g2Controller.h */; };
		06645B7314FC4BEC004C1BE5 /* g2Default.cfg in Resources */ = {isa = PBXBuildFile; fileRef = 06645B4114FC4BEC004C1BE5 /* g2Default.cfg */; };
		06645B7414FC4BEC004C1BE5 /* g2Default.png in Resources */ = {isa = PBXBuildFile; fileRef = 06645B4214FC4BEC004C1BE5 /* g2Default.png */; };
		06645B7514FC4BEC004C1BE5 /* g2Dialog.cpp in Sources */ = {isa = PBXBuildFile; fileRef = 06645B4314FC4BEC004C1BE5 /* g2Dialog.cpp */; };
		06645B7614FC4BEC004C1BE5 /* g2Dialog.h in Headers */ = {isa = PBXBuildFile; fileRef = 06645B4414FC4BEC004C1BE5 /* g2Dialog.h */; };
		06645B7714FC4BEC004C1BE5 /* g2DropDown.cpp in Sources */ = {isa = PBXBuildFile; fileRef = 06645B4514FC4BEC004C1BE5 /* g2DropDown.cpp */; };
		06645B7814FC4BEC004C1BE5 /* g2DropDown.h in Headers */ = {isa = PBXBuildFile; fileRef = 06645B4614FC4BEC004C1BE5 /* g2DropDown.h */; };
		06645B7914FC4BEC004C1BE5 /* g2Images.cpp in Sources */ = {isa = PBXBuildFile; fileRef = 06645B4714FC4BEC004C1BE5 /* g2Images.cpp */; };
		06645B7A14FC4BEC004C1BE5 /* g2Images.h in Headers */ = {isa = PBXBuildFile; fileRef = 06645B4814FC4BEC004C1BE5 /* g2Images.h */; };
		06645B7B14FC4BEC004C1BE5 /* g2Label.cpp in Sources */ = {isa = PBXBuildFile; fileRef = 06645B4914FC4BEC004C1BE5 /* g2Label.cpp */; };
		06645B7C14FC4BEC004C1BE5 /* g2Label.h in Headers */ = {isa = PBXBuildFile; fileRef = 06645B4A14FC4BEC004C1BE5 /* g2Label.h */; };
		06645B7D14FC4BEC004C1BE5 /* g2LabelEdit.cpp in Sources */ = {isa = PBXBuildFile; fileRef = 06645B4B14FC4BEC004C1BE5 /* g2LabelEdit.cpp */; };
		06645B7E14FC4BEC004C1BE5 /* g2LabelEdit.h in Headers */ = {isa = PBXBuildFile; fileRef = 06645B4C14FC4BEC004C1BE5 /* g2LabelEdit.h */; };
		06645B7F14FC4BEC004C1BE5 /* g2Panel.cpp in Sources */ = {isa = PBXBuildFile; fileRef = 06645B4D14FC4BEC004C1BE5 /* g2Panel.cpp */; };
		06645B8014FC4BEC004C1BE5 /* g2Panel.h in Headers */ = {isa = PBXBuildFile; fileRef = 06645B4E14FC4BEC004C1BE5 /* g2Panel.h */; };
		06645B8114FC4BEC004C1BE5 /* g2ProgressBar.cpp in Sources */ = {isa = PBXBuildFile; fileRef = 06645B4F14FC4BEC004C1BE5 /* g2ProgressBar.cpp */; };
		06645B8214FC4BEC004C1BE5 /* g2ProgressBar.h in Headers */ = {isa = PBXBuildFile; fileRef = 06645B5014FC4BEC004C1BE5 /* g2ProgressBar.h */; };
		06645B8314FC4BEC004C1BE5 /* g2RadioGroup.cpp in Sources */ = {isa = PBXBuildFile; fileRef = 06645B5114FC4BEC004C1BE5 /* g2RadioGroup.cpp */; };
		06645B8414FC4BEC004C1BE5 /* g2RadioGroup.h in Headers */ = {isa = PBXBuildFile; fileRef = 06645B5214FC4BEC004C1BE5 /* g2RadioGroup.h */; };
		06645B8514FC4BEC004C1BE5 /* g2Slider.cpp in Sources */ = {isa = PBXBuildFile; fileRef = 06645B5314FC4BEC004C1BE5 /* g2Slider.cpp */; };
		06645B8614FC4BEC004C1BE5 /* g2Slider.h in Headers */ = {isa = PBXBuildFile; fileRef = 06645B5414FC4BEC004C1BE5 /* g2Slider.h */; };
		06645B8714FC4BEC004C1BE5 /* g2Spinner.cpp in Sources */ = {isa = PBXBuildFile; fileRef = 06645B5514FC4BEC004C1BE5 /* g2Spinner.cpp */; };
		06645B8814FC4BEC004C1BE5 /* g2Spinner.h in Headers */ = {isa = PBXBuildFile; fileRef = 06645B5614FC4BEC004C1BE5 /* g2Spinner.h */; };
		06645B8914FC4BEC004C1BE5 /* g2TextField.cpp in Sources */ = {isa = PBXBuildFile; fileRef = 06645B5714FC4BEC004C1BE5 /* g2TextField.cpp */; };
		06645B8A14FC4BEC004C1BE5 /* g2TextField.h in Headers */ = {isa = PBXBuildFile; fileRef = 06645B5814FC4BEC004C1BE5 /* g2TextField.h */; };
		06645B8B14FC4BEC004C1BE5 /* g2Theme.cpp in Sources */ = {isa = PBXBuildFile; fileRef = 06645B5914FC4BEC004C1BE5 /* g2Theme.cpp */; };
		06645B8C14FC4BEC004C1BE5 /* g2Theme.h in Headers */ = {isa = PBXBuildFile; fileRef = 06645B5A14FC4BEC004C1BE5 /* g2Theme.h */; };
		06645B8D14FC4BEC004C1BE5 /* g2Utilities.cpp in Sources */ = {isa = PBXBuildFile; fileRef = 06645B5B14FC4BEC004C1BE5 /* g2Utilities.cpp */; };
		06645B8E14FC4BEC004C1BE5 /* g2Utilities.h in Headers */ = {isa = PBXBuildFile; fileRef = 06645B5C14FC4BEC004C1BE5 /* g2Utilities.h */; };
		06645B8F14FC4BEC004C1BE5 /* Glui2-Info.plist in Resources */ = {isa = PBXBuildFile; fileRef = 06645B5D14FC4BEC004C1BE5 /* Glui2-Info.plist */; };
		06645B9014FC4BEC004C1BE5 /* glui2.cpp in Sources */ = {isa = PBXBuildFile; fileRef = 06645B5E14FC4BEC004C1BE5 /* glui2.cpp */; };
		06645B9114FC4BEC004C1BE5 /* glui2.h in Headers */ = {isa = PBXBuildFile; fileRef = 06645B5F14FC4BEC004C1BE5 /* glui2.h */; };
		06645B9214FC4BEC004C1BE5 /* GWEN.cfg in Resources */ = {isa = PBXBuildFile; fileRef = 06645B6014FC4BEC004C1BE5 /* GWEN.cfg */; };
		06645B9314FC4BEC004C1BE5 /* GWEN.png in Resources */ = {isa = PBXBuildFile; fileRef = 06645B6114FC4BEC004C1BE5 /* GWEN.png */; };
		06645B9414FC4BEC004C1BE5 /* stb_image.c in Sources */ = {isa = PBXBuildFile; fileRef = 06645B6214FC4BEC004C1BE5 /* stb_image.c */; };
		06645B9514FC4BEC004C1BE5 /* stb_image.h in Headers */ = {isa = PBXBuildFile; fileRef = 06645B6314FC4BEC004C1BE5 /* stb_image.h */; };
		06A9583814FC33330090B0B7 /* Cocoa.framework in Frameworks */ = {isa = PBXBuildFile; fileRef = 06A9583714FC33330090B0B7 /* Cocoa.framework */; };
		06A958B114FC33B50090B0B7 /* OpenGL.framework in Frameworks */ = {isa = PBXBuildFile; fileRef = 06A958B014FC33B50090B0B7 /* OpenGL.framework */; };
		06A958B314FC33CB0090B0B7 /* GLUT.framework in Frameworks */ = {isa = PBXBuildFile; fileRef = 06A958B214FC33CB0090B0B7 /* GLUT.framework */; };
/* End PBXBuildFile section */

/* Begin PBXFileReference section */
		06645B3214FC4BEC004C1BE5 /* default.png */ = {isa = PBXFileReference; lastKnownFileType = image.png; name = default.png; path = Glui2/default.png; sourceTree = SOURCE_ROOT; };
		06645B3314FC4BEC004C1BE5 /* g2AppKit.h */ = {isa = PBXFileReference; fileEncoding = 4; lastKnownFileType = sourcecode.c.h; name = g2AppKit.h; path = Glui2/g2AppKit.h; sourceTree = SOURCE_ROOT; };
		06645B3414FC4BEC004C1BE5 /* g2AppKit.mm */ = {isa = PBXFileReference; fileEncoding = 4; lastKnownFileType = sourcecode.cpp.objcpp; name = g2AppKit.mm; path = Glui2/g2AppKit.mm; sourceTree = SOURCE_ROOT; };
		06645B3514FC4BEC004C1BE5 /* g2Blue.cfg */ = {isa = PBXFileReference; fileEncoding = 4; lastKnownFileType = text; name = g2Blue.cfg; path = Glui2/g2Blue.cfg; sourceTree = SOURCE_ROOT; };
		06645B3614FC4BEC004C1BE5 /* g2Blue.png */ = {isa = PBXFileReference; lastKnownFileType = image.png; name = g2Blue.png; path = Glui2/g2Blue.png; sourceTree = SOURCE_ROOT; };
		06645B3714FC4BEC004C1BE5 /* g2Button.cpp */ = {isa = PBXFileReference; fileEncoding = 4; lastKnownFileType = sourcecode.cpp.cpp; name = g2Button.cpp; path = Glui2/g2Button.cpp; sourceTree = SOURCE_ROOT; };
		06645B3814FC4BEC004C1BE5 /* g2Button.h */ = {isa = PBXFileReference; fileEncoding = 4; lastKnownFileType = sourcecode.c.h; name = g2Button.h; path = Glui2/g2Button.h; sourceTree = SOURCE_ROOT; };
		06645B3914FC4BEC004C1BE5 /* g2CheckBox.cpp */ = {isa = PBXFileReference; fileEncoding = 4; lastKnownFileType = sourcecode.cpp.cpp; name = g2CheckBox.cpp; path = Glui2/g2CheckBox.cpp; sourceTree = SOURCE_ROOT; };
		06645B3A14FC4BEC004C1BE5 /* g2CheckBox.h */ = {isa = PBXFileReference; fileEncoding = 4; lastKnownFileType = sourcecode.c.h; name = g2CheckBox.h; path = Glui2/g2CheckBox.h; sourceTree = SOURCE_ROOT; };
		06645B3B14FC4BEC004C1BE5 /* g2Config.cpp */ = {isa = PBXFileReference; fileEncoding = 4; lastKnownFileType = sourcecode.cpp.cpp; name = g2Config.cpp; path = Glui2/g2Config.cpp; sourceTree = SOURCE_ROOT; };
		06645B3C14FC4BEC004C1BE5 /* g2Config.h */ = {isa = PBXFileReference; fileEncoding = 4; lastKnownFileType = sourcecode.c.h; name = g2Config.h; path = Glui2/g2Config.h; sourceTree = SOURCE_ROOT; };
		06645B3D14FC4BEC004C1BE5 /* g2Console.cpp */ = {isa = PBXFileReference; fileEncoding = 4; lastKnownFileType = sourcecode.cpp.cpp; name = g2Console.cpp; path = Glui2/g2Console.cpp; sourceTree = SOURCE_ROOT; };
		06645B3E14FC4BEC004C1BE5 /* g2Console.h */ = {isa = PBXFileReference; fileEncoding = 4; lastKnownFileType = sourcecode.c.h; name = g2Console.h; path = Glui2/g2Console.h; sourceTree = SOURCE_ROOT; };
		06645B3F14FC4BEC004C1BE5 /* g2Controller.cpp */ = {isa = PBXFileReference; fileEncoding = 4; lastKnownFileType = sourcecode.cpp.cpp; name = g2Controller.cpp; path = Glui2/g2Controller.cpp; sourceTree = SOURCE_ROOT; };
		06645B4014FC4BEC004C1BE5 /* g2Controller.h */ = {isa = PBXFileReference; fileEncoding = 4; lastKnownFileType = sourcecode.c.h; name = g2Controller.h; path = Glui2/g2Controller.h; sourceTree = SOURCE_ROOT; };
		06645B4114FC4BEC004C1BE5 /* g2Default.cfg */ = {isa = PBXFileReference; fileEncoding = 4; lastKnownFileType = text; name = g2Default.cfg; path = Glui2/g2Default.cfg; sourceTree = SOURCE_ROOT; };
		06645B4214FC4BEC004C1BE5 /* g2Default.png */ = {isa = PBXFileReference; lastKnownFileType = image.png; name = g2Default.png; path = Glui2/g2Default.png; sourceTree = SOURCE_ROOT; };
		06645B4314FC4BEC004C1BE5 /* g2Dialog.cpp */ = {isa = PBXFileReference; fileEncoding = 4; lastKnownFileType = sourcecode.cpp.cpp; name = g2Dialog.cpp; path = Glui2/g2Dialog.cpp; sourceTree = SOURCE_ROOT; };
		06645B4414FC4BEC004C1BE5 /* g2Dialog.h */ = {isa = PBXFileReference; fileEncoding = 4; lastKnownFileType = sourcecode.c.h; name = g2Dialog.h; path = Glui2/g2Dialog.h; sourceTree = SOURCE_ROOT; };
		06645B4514FC4BEC004C1BE5 /* g2DropDown.cpp */ = {isa = PBXFileReference; fileEncoding = 4; lastKnownFileType = sourcecode.cpp.cpp; name = g2DropDown.cpp; path = Glui2/g2DropDown.cpp; sourceTree = SOURCE_ROOT; };
		06645B4614FC4BEC004C1BE5 /* g2DropDown.h */ = {isa = PBXFileReference; fileEncoding = 4; lastKnownFileType = sourcecode.c.h; name = g2DropDown.h; path = Glui2/g2DropDown.h; sourceTree = SOURCE_ROOT; };
		06645B4714FC4BEC004C1BE5 /* g2Images.cpp */ = {isa = PBXFileReference; fileEncoding = 4; lastKnownFileType = sourcecode.cpp.cpp; name = g2Images.cpp; path = Glui2/g2Images.cpp; sourceTree = SOURCE_ROOT; };
		06645B4814FC4BEC004C1BE5 /* g2Images.h */ = {isa = PBXFileReference; fileEncoding = 4; lastKnownFileType = sourcecode.c.h; name = g2Images.h; path = Glui2/g2Images.h; sourceTree = SOURCE_ROOT; };
		06645B4914FC4BEC004C1BE5 /* g2Label.cpp */ = {isa = PBXFileReference; fileEncoding = 4; lastKnownFileType = sourcecode.cpp.cpp; name = g2Label.cpp; path = Glui2/g2Label.cpp; sourceTree = SOURCE_ROOT; };
		06645B4A14FC4BEC004C1BE5 /* g2Label.h */ = {isa = PBXFileReference; fileEncoding = 4; lastKnownFileType = sourcecode.c.h; name = g2Label.h; path = Glui2/g2Label.h; sourceTree = SOURCE_ROOT; };
		06645B4B14FC4BEC004C1BE5 /* g2LabelEdit.cpp */ = {isa = PBXFileReference; fileEncoding = 4; lastKnownFileType = sourcecode.cpp.cpp; name = g2LabelEdit.cpp; path = Glui2/g2LabelEdit.cpp; sourceTree = SOURCE_ROOT; };
		06645B4C14FC4BEC004C1BE5 /* g2LabelEdit.h */ = {isa = PBXFileReference; fileEncoding = 4; lastKnownFileType = sourcecode.c.h; name = g2LabelEdit.h; path = Glui2/g2LabelEdit.h; sourceTree = SOURCE_ROOT; };
		06645B4D14FC4BEC004C1BE5 /* g2Panel.cpp */ = {isa = PBXFileReference; fileEncoding = 4; lastKnownFileType = sourcecode.cpp.cpp; name = g2Panel.cpp; path = Glui2/g2Panel.cpp; sourceTree = SOURCE_ROOT; };
		06645B4E14FC4BEC004C1BE5 /* g2Panel.h */ = {isa = PBXFileReference; fileEncoding = 4; lastKnownFileType = sourcecode.c.h; name = g2Panel.h; path = Glui2/g2Panel.h; sourceTree = SOURCE_ROOT; };
		06645B4F14FC4BEC004C1BE5 /* g2ProgressBar.cpp */ = {isa = PBXFileReference; fileEncoding = 4; lastKnownFileType = sourcecode.cpp.cpp; name = g2ProgressBar.cpp; path = Glui2/g2ProgressBar.cpp; sourceTree = SOURCE_ROOT; };
		06645B5014FC4BEC004C1BE5 /* g2ProgressBar.h */ = {isa = PBXFileReference; fileEncoding = 4; lastKnownFileType = sourcecode.c.h; name = g2ProgressBar.h; path = Glui2/g2ProgressBar.h; sourceTree = SOURCE_ROOT; };
		06645B5114FC4BEC004C1BE5 /* g2RadioGroup.cpp */ = {isa = PBXFileReference; fileEncoding = 4; lastKnownFileType = sourcecode.cpp.cpp; name = g2RadioGroup.cpp; path = Glui2/g2RadioGroup.cpp; sourceTree = SOURCE_ROOT; };
		06645B5214FC4BEC004C1BE5 /* g2RadioGroup.h */ = {isa = PBXFileReference; fileEncoding = 4; lastKnownFileType = sourcecode.c.h; name = g2RadioGroup.h; path = Glui2/g2RadioGroup.h; sourceTree = SOURCE_ROOT; };
		06645B5314FC4BEC004C1BE5 /* g2Slider.cpp */ = {isa = PBXFileReference; fileEncoding = 4; lastKnownFileType = sourcecode.cpp.cpp; name = g2Slider.cpp; path = Glui2/g2Slider.cpp; sourceTree = SOURCE_ROOT; };
		06645B5414FC4BEC004C1BE5 /* g2Slider.h */ = {isa = PBXFileReference; fileEncoding = 4; lastKnownFileType = sourcecode.c.h; name = g2Slider.h; path = Glui2/g2Slider.h; sourceTree = SOURCE_ROOT; };
		06645B5514FC4BEC004C1BE5 /* g2Spinner.cpp */ = {isa = PBXFileReference; fileEncoding = 4; lastKnownFileType = sourcecode.cpp.cpp; name = g2Spinner.cpp; path = Glui2/g2Spinner.cpp; sourceTree = SOURCE_ROOT; };
		06645B5614FC4BEC004C1BE5 /* g2Spinner.h */ = {isa = PBXFileReference; fileEncoding = 4; lastKnownFileType = sourcecode.c.h; name = g2Spinner.h; path = Glui2/g2Spinner.h; sourceTree = SOURCE_ROOT; };
		06645B5714FC4BEC004C1BE5 /* g2TextField.cpp */ = {isa = PBXFileReference; fileEncoding = 4; lastKnownFileType = sourcecode.cpp.cpp; name = g2TextField.cpp; path = Glui2/g2TextField.cpp; sourceTree = SOURCE_ROOT; };
		06645B5814FC4BEC004C1BE5 /* g2TextField.h */ = {isa = PBXFileReference; fileEncoding = 4; lastKnownFileType = sourcecode.c.h; name = g2TextField.h; path = Glui2/g2TextField.h; sourceTree = SOURCE_ROOT; };
		06645B5914FC4BEC004C1BE5 /* g2Theme.cpp */ = {isa = PBXFileReference; fileEncoding = 4; lastKnownFileType = sourcecode.cpp.cpp; name = g2Theme.cpp; path = Glui2/g2Theme.cpp; sourceTree = SOURCE_ROOT; };
		06645B5A14FC4BEC004C1BE5 /* g2Theme.h */ = {isa = PBXFileReference; fileEncoding = 4; lastKnownFileType = sourcecode.c.h; name = g2Theme.h; path = Glui2/g2Theme.h; sourceTree = SOURCE_ROOT; };
		06645B5B14FC4BEC004C1BE5 /* g2Utilities.cpp */ = {isa = PBXFileReference; fileEncoding = 4; lastKnownFileType = sourcecode.cpp.cpp; name = g2Utilities.cpp; path = Glui2/g2Utilities.cpp; sourceTree = SOURCE_ROOT; };
		06645B5C14FC4BEC004C1BE5 /* g2Utilities.h */ = {isa = PBXFileReference; fileEncoding = 4; lastKnownFileType = sourcecode.c.h; name = g2Utilities.h; path = Glui2/g2Utilities.h; sourceTree = SOURCE_ROOT; };
		06645B5D14FC4BEC004C1BE5 /* Glui2-Info.plist */ = {isa = PBXFileReference; fileEncoding = 4; lastKnownFileType = text.plist.xml; name = "Glui2-Info.plist"; path = "Glui2/Glui2-Info.plist"; sourceTree = SOURCE_ROOT; };
		06645B5E14FC4BEC004C1BE5 /* glui2.cpp */ = {isa = PBXFileReference; fileEncoding = 4; lastKnownFileType = sourcecode.cpp.cpp; name = glui2.cpp; path = Glui2/glui2.cpp; sourceTree = SOURCE_ROOT; };
		06645B5F14FC4BEC004C1BE5 /* glui2.h */ = {isa = PBXFileReference; fileEncoding = 4; lastKnownFileType = sourcecode.c.h; name = glui2.h; path = Glui2/glui2.h; sourceTree = SOURCE_ROOT; };
		06645B6014FC4BEC004C1BE5 /* GWEN.cfg */ = {isa = PBXFileReference; fileEncoding = 4; lastKnownFileType = text; name = GWEN.cfg; path = Glui2/GWEN.cfg; sourceTree = SOURCE_ROOT; };
		06645B6114FC4BEC004C1BE5 /* GWEN.png */ = {isa = PBXFileReference; lastKnownFileType = image.png; name = GWEN.png; path = Glui2/GWEN.png; sourceTree = SOURCE_ROOT; };
		06645B6214FC4BEC004C1BE5 /* stb_image.c */ = {isa = PBXFileReference; fileEncoding = 4; lastKnownFileType = sourcecode.c.c; name = stb_image.c; path = Glui2/stb_image.c; sourceTree = SOURCE_ROOT; };
		06645B6314FC4BEC004C1BE5 /* stb_image.h */ = {isa = PBXFileReference; fileEncoding = 4; lastKnownFileType = sourcecode.c.h; name = stb_image.h; path = Glui2/stb_image.h; sourceTree = SOURCE_ROOT; };
		06A9583414FC33330090B0B7 /* Library.framework */ = {isa = PBXFileReference; explicitFileType = wrapper.framework; includeInIndex = 0; path = Library.framework; sourceTree = BUILT_PRODUCTS_DIR; };
		06A9583714FC33330090B0B7 /* Cocoa.framework */ = {isa = PBXFileReference; lastKnownFileType = wrapper.framework; name = Cocoa.framework; path = System/Library/Frameworks/Cocoa.framework; sourceTree = SDKROOT; };
		06A9583A14FC33330090B0B7 /* AppKit.framework */ = {isa = PBXFileReference; lastKnownFileType = wrapper.framework; name = AppKit.framework; path = System/Library/Frameworks/AppKit.framework; sourceTree = SDKROOT; };
		06A9583B14FC33330090B0B7 /* CoreData.framework */ = {isa = PBXFileReference; lastKnownFileType = wrapper.framework; name = CoreData.framework; path = System/Library/Frameworks/CoreData.framework; sourceTree = SDKROOT; };
		06A9583C14FC33330090B0B7 /* Foundation.framework */ = {isa = PBXFileReference; lastKnownFileType = wrapper.framework; name = Foundation.framework; path = System/Library/Frameworks/Foundation.framework; sourceTree = SDKROOT; };
		06A958B014FC33B50090B0B7 /* OpenGL.framework */ = {isa = PBXFileReference; lastKnownFileType = wrapper.framework; name = OpenGL.framework; path = System/Library/Frameworks/OpenGL.framework; sourceTree = SDKROOT; };
		06A958B214FC33CB0090B0B7 /* GLUT.framework */ = {isa = PBXFileReference; lastKnownFileType = wrapper.framework; name = GLUT.framework; path = System/Library/Frameworks/GLUT.framework; sourceTree = SDKROOT; };
/* End PBXFileReference section */

/* Begin PBXFrameworksBuildPhase section */
		06A9583014FC33330090B0B7 /* Frameworks */ = {
			isa = PBXFrameworksBuildPhase;
			buildActionMask = 2147483647;
			files = (
				06A958B314FC33CB0090B0B7 /* GLUT.framework in Frameworks */,
				06A958B114FC33B50090B0B7 /* OpenGL.framework in Frameworks */,
				06A9583814FC33330090B0B7 /* Cocoa.framework in Frameworks */,
			);
			runOnlyForDeploymentPostprocessing = 0;
		};
/* End PBXFrameworksBuildPhase section */

/* Begin PBXGroup section */
		06645B9614FC4BF0004C1BE5 /* Themes */ = {
			isa = PBXGroup;
			children = (
				06645B3214FC4BEC004C1BE5 /* default.png */,
				06645B3514FC4BEC004C1BE5 /* g2Blue.cfg */,
				06645B3614FC4BEC004C1BE5 /* g2Blue.png */,
				06645B4114FC4BEC004C1BE5 /* g2Default.cfg */,
				06645B4214FC4BEC004C1BE5 /* g2Default.png */,
				06645B6014FC4BEC004C1BE5 /* GWEN.cfg */,
				06645B6114FC4BEC004C1BE5 /* GWEN.png */,
			);
			name = Themes;
			sourceTree = "<group>";
		};
		06645B9714FC4BF5004C1BE5 /* Shared */ = {
			isa = PBXGroup;
			children = (
				06645B3B14FC4BEC004C1BE5 /* g2Config.cpp */,
				06645B3C14FC4BEC004C1BE5 /* g2Config.h */,
				06645B3F14FC4BEC004C1BE5 /* g2Controller.cpp */,
				06645B4014FC4BEC004C1BE5 /* g2Controller.h */,
				06645B4314FC4BEC004C1BE5 /* g2Dialog.cpp */,
				06645B4414FC4BEC004C1BE5 /* g2Dialog.h */,
				06645B4714FC4BEC004C1BE5 /* g2Images.cpp */,
				06645B4814FC4BEC004C1BE5 /* g2Images.h */,
				06645B5914FC4BEC004C1BE5 /* g2Theme.cpp */,
				06645B5A14FC4BEC004C1BE5 /* g2Theme.h */,
				06645B5B14FC4BEC004C1BE5 /* g2Utilities.cpp */,
				06645B5C14FC4BEC004C1BE5 /* g2Utilities.h */,
			);
			name = Shared;
			sourceTree = "<group>";
		};
		06645B9814FC4BFB004C1BE5 /* Controllers */ = {
			isa = PBXGroup;
			children = (
				06645B3D14FC4BEC004C1BE5 /* g2Console.cpp */,
				06645B3E14FC4BEC004C1BE5 /* g2Console.h */,
				06645B3714FC4BEC004C1BE5 /* g2Button.cpp */,
				06645B3814FC4BEC004C1BE5 /* g2Button.h */,
				06645B3914FC4BEC004C1BE5 /* g2CheckBox.cpp */,
				06645B3A14FC4BEC004C1BE5 /* g2CheckBox.h */,
				06645B4514FC4BEC004C1BE5 /* g2DropDown.cpp */,
				06645B4614FC4BEC004C1BE5 /* g2DropDown.h */,
				06645B4914FC4BEC004C1BE5 /* g2Label.cpp */,
				06645B4A14FC4BEC004C1BE5 /* g2Label.h */,
				06645B4B14FC4BEC004C1BE5 /* g2LabelEdit.cpp */,
				06645B4C14FC4BEC004C1BE5 /* g2LabelEdit.h */,
				06645B4D14FC4BEC004C1BE5 /* g2Panel.cpp */,
				06645B4E14FC4BEC004C1BE5 /* g2Panel.h */,
				06645B4F14FC4BEC004C1BE5 /* g2ProgressBar.cpp */,
				06645B5014FC4BEC004C1BE5 /* g2ProgressBar.h */,
				06645B5114FC4BEC004C1BE5 /* g2RadioGroup.cpp */,
				06645B5214FC4BEC004C1BE5 /* g2RadioGroup.h */,
				06645B5314FC4BEC004C1BE5 /* g2Slider.cpp */,
				06645B5414FC4BEC004C1BE5 /* g2Slider.h */,
				06645B5514FC4BEC004C1BE5 /* g2Spinner.cpp */,
				06645B5614FC4BEC004C1BE5 /* g2Spinner.h */,
				06645B5714FC4BEC004C1BE5 /* g2TextField.cpp */,
				06645B5814FC4BEC004C1BE5 /* g2TextField.h */,
			);
			name = Controllers;
			sourceTree = "<group>";
		};
		06A9582814FC33330090B0B7 = {
			isa = PBXGroup;
			children = (
				06A9583D14FC33330090B0B7 /* Library */,
				06A9583614FC33330090B0B7 /* Frameworks */,
				06A9583514FC33330090B0B7 /* Products */,
			);
			sourceTree = "<group>";
		};
		06A9583514FC33330090B0B7 /* Products */ = {
			isa = PBXGroup;
			children = (
				06A9583414FC33330090B0B7 /* Library.framework */,
			);
			name = Products;
			sourceTree = "<group>";
		};
		06A9583614FC33330090B0B7 /* Frameworks */ = {
			isa = PBXGroup;
			children = (
				06A958B214FC33CB0090B0B7 /* GLUT.framework */,
				06A958B014FC33B50090B0B7 /* OpenGL.framework */,
				06A9583714FC33330090B0B7 /* Cocoa.framework */,
				06A9583914FC33330090B0B7 /* Other Frameworks */,
			);
			name = Frameworks;
			sourceTree = "<group>";
		};
		06A9583914FC33330090B0B7 /* Other Frameworks */ = {
			isa = PBXGroup;
			children = (
				06A9583A14FC33330090B0B7 /* AppKit.framework */,
				06A9583B14FC33330090B0B7 /* CoreData.framework */,
				06A9583C14FC33330090B0B7 /* Foundation.framework */,
			);
			name = "Other Frameworks";
			sourceTree = "<group>";
		};
		06A9583D14FC33330090B0B7 /* Library */ = {
			isa = PBXGroup;
			children = (
				06645B5E14FC4BEC004C1BE5 /* glui2.cpp */,
				06645B5F14FC4BEC004C1BE5 /* glui2.h */,
				06645B9714FC4BF5004C1BE5 /* Shared */,
				06645B9814FC4BFB004C1BE5 /* Controllers */,
				06645B9614FC4BF0004C1BE5 /* Themes */,
				06A9583E14FC33330090B0B7 /* Supporting Files */,
			);
			path = Library;
			sourceTree = "<group>";
		};
		06A9583E14FC33330090B0B7 /* Supporting Files */ = {
			isa = PBXGroup;
			children = (
				06645B6214FC4BEC004C1BE5 /* stb_image.c */,
				06645B6314FC4BEC004C1BE5 /* stb_image.h */,
				06645B3314FC4BEC004C1BE5 /* g2AppKit.h */,
				06645B3414FC4BEC004C1BE5 /* g2AppKit.mm */,
				06645B5D14FC4BEC004C1BE5 /* Glui2-Info.plist */,
			);
			name = "Supporting Files";
			sourceTree = "<group>";
		};
/* End PBXGroup section */

/* Begin PBXHeadersBuildPhase section */
		06A9583114FC33330090B0B7 /* Headers */ = {
			isa = PBXHeadersBuildPhase;
			buildActionMask = 2147483647;
			files = (
				06645B6514FC4BEC004C1BE5 /* g2AppKit.h in Headers */,
				06645B6A14FC4BEC004C1BE5 /* g2Button.h in Headers */,
				06645B6C14FC4BEC004C1BE5 /* g2CheckBox.h in Headers */,
				06645B6E14FC4BEC004C1BE5 /* g2Config.h in Headers */,
				06645B7014FC4BEC004C1BE5 /* g2Console.h in Headers */,
				06645B7214FC4BEC004C1BE5 /* g2Controller.h in Headers */,
				06645B7614FC4BEC004C1BE5 /* g2Dialog.h in Headers */,
				06645B7814FC4BEC004C1BE5 /* g2DropDown.h in Headers */,
				06645B7A14FC4BEC004C1BE5 /* g2Images.h in Headers */,
				06645B7C14FC4BEC004C1BE5 /* g2Label.h in Headers */,
				06645B7E14FC4BEC004C1BE5 /* g2LabelEdit.h in Headers */,
				06645B8014FC4BEC004C1BE5 /* g2Panel.h in Headers */,
				06645B8214FC4BEC004C1BE5 /* g2ProgressBar.h in Headers */,
				06645B8414FC4BEC004C1BE5 /* g2RadioGroup.h in Headers */,
				06645B8614FC4BEC004C1BE5 /* g2Slider.h in Headers */,
				06645B8814FC4BEC004C1BE5 /* g2Spinner.h in Headers */,
				06645B8A14FC4BEC004C1BE5 /* g2TextField.h in Headers */,
				06645B8C14FC4BEC004C1BE5 /* g2Theme.h in Headers */,
				06645B8E14FC4BEC004C1BE5 /* g2Utilities.h in Headers */,
				06645B9114FC4BEC004C1BE5 /* glui2.h in Headers */,
				06645B9514FC4BEC004C1BE5 /* stb_image.h in Headers */,
			);
			runOnlyForDeploymentPostprocessing = 0;
		};
/* End PBXHeadersBuildPhase section */

/* Begin PBXNativeTarget section */
		06A9583314FC33330090B0B7 /* Library */ = {
			isa = PBXNativeTarget;
			buildConfigurationList = 06A9584914FC33330090B0B7 /* Build configuration list for PBXNativeTarget "Library" */;
			buildPhases = (
				06A9582F14FC33330090B0B7 /* Sources */,
				06A9583014FC33330090B0B7 /* Frameworks */,
				06A9583114FC33330090B0B7 /* Headers */,
				06A9583214FC33330090B0B7 /* Resources */,
			);
			buildRules = (
			);
			dependencies = (
			);
			name = Library;
			productName = Library;
			productReference = 06A9583414FC33330090B0B7 /* Library.framework */;
			productType = "com.apple.product-type.framework";
		};
/* End PBXNativeTarget section */

/* Begin PBXProject section */
		06A9582A14FC33330090B0B7 /* Project object */ = {
			isa = PBXProject;
			attributes = {
				LastUpgradeCheck = 0420;
			};
			buildConfigurationList = 06A9582D14FC33330090B0B7 /* Build configuration list for PBXProject "Library" */;
			compatibilityVersion = "Xcode 3.2";
			developmentRegion = English;
			hasScannedForEncodings = 0;
			knownRegions = (
				en,
			);
			mainGroup = 06A9582814FC33330090B0B7;
			productRefGroup = 06A9583514FC33330090B0B7 /* Products */;
			projectDirPath = "";
			projectRoot = "";
			targets = (
				06A9583314FC33330090B0B7 /* Library */,
			);
		};
/* End PBXProject section */

/* Begin PBXResourcesBuildPhase section */
		06A9583214FC33330090B0B7 /* Resources */ = {
			isa = PBXResourcesBuildPhase;
			buildActionMask = 2147483647;
			files = (
				06645B6414FC4BEC004C1BE5 /* default.png in Resources */,
				06645B6714FC4BEC004C1BE5 /* g2Blue.cfg in Resources */,
				06645B6814FC4BEC004C1BE5 /* g2Blue.png in Resources */,
				06645B7314FC4BEC004C1BE5 /* g2Default.cfg in Resources */,
				06645B7414FC4BEC004C1BE5 /* g2Default.png in Resources */,
				06645B8F14FC4BEC004C1BE5 /* Glui2-Info.plist in Resources */,
				06645B9214FC4BEC004C1BE5 /* GWEN.cfg in Resources */,
				06645B9314FC4BEC004C1BE5 /* GWEN.png in Resources */,
			);
			runOnlyForDeploymentPostprocessing = 0;
		};
/* End PBXResourcesBuildPhase section */

/* Begin PBXSourcesBuildPhase section */
		06A9582F14FC33330090B0B7 /* Sources */ = {
			isa = PBXSourcesBuildPhase;
			buildActionMask = 2147483647;
			files = (
				06645B6614FC4BEC004C1BE5 /* g2AppKit.mm in Sources */,
				06645B6914FC4BEC004C1BE5 /* g2Button.cpp in Sources */,
				06645B6B14FC4BEC004C1BE5 /* g2CheckBox.cpp in Sources */,
				06645B6D14FC4BEC004C1BE5 /* g2Config.cpp in Sources */,
				06645B6F14FC4BEC004C1BE5 /* g2Console.cpp in Sources */,
				06645B7114FC4BEC004C1BE5 /* g2Controller.cpp in Sources */,
				06645B7514FC4BEC004C1BE5 /* g2Dialog.cpp in Sources */,
				06645B7714FC4BEC004C1BE5 /* g2DropDown.cpp in Sources */,
				06645B7914FC4BEC004C1BE5 /* g2Images.cpp in Sources */,
				06645B7B14FC4BEC004C1BE5 /* g2Label.cpp in Sources */,
				06645B7D14FC4BEC004C1BE5 /* g2LabelEdit.cpp in Sources */,
				06645B7F14FC4BEC004C1BE5 /* g2Panel.cpp in Sources */,
				06645B8114FC4BEC004C1BE5 /* g2ProgressBar.cpp in Sources */,
				06645B8314FC4BEC004C1BE5 /* g2RadioGroup.cpp in Sources */,
				06645B8514FC4BEC004C1BE5 /* g2Slider.cpp in Sources */,
				06645B8714FC4BEC004C1BE5 /* g2Spinner.cpp in Sources */,
				06645B8914FC4BEC004C1BE5 /* g2TextField.cpp in Sources */,
				06645B8B14FC4BEC004C1BE5 /* g2Theme.cpp in Sources */,
				06645B8D14FC4BEC004C1BE5 /* g2Utilities.cpp in Sources */,
				06645B9014FC4BEC004C1BE5 /* glui2.cpp in Sources */,
				06645B9414FC4BEC004C1BE5 /* stb_image.c in Sources */,
			);
			runOnlyForDeploymentPostprocessing = 0;
		};
/* End PBXSourcesBuildPhase section */

/* Begin XCBuildConfiguration section */
		06A9584714FC33330090B0B7 /* Debug */ = {
			isa = XCBuildConfiguration;
			buildSettings = {
				ALWAYS_SEARCH_USER_PATHS = NO;
				ARCHS = "$(ARCHS_STANDARD_64_BIT)";
				COPY_PHASE_STRIP = NO;
				GCC_C_LANGUAGE_STANDARD = gnu99;
				GCC_DYNAMIC_NO_PIC = NO;
				GCC_ENABLE_OBJC_EXCEPTIONS = YES;
				GCC_OPTIMIZATION_LEVEL = 0;
				GCC_PREPROCESSOR_DEFINITIONS = (
					"DEBUG=1",
					"$(inherited)",
				);
				GCC_SYMBOLS_PRIVATE_EXTERN = NO;
				GCC_VERSION = com.apple.compilers.llvm.clang.1_0;
				GCC_WARN_64_TO_32_BIT_CONVERSION = YES;
				GCC_WARN_ABOUT_MISSING_PROTOTYPES = YES;
				GCC_WARN_ABOUT_RETURN_TYPE = YES;
				GCC_WARN_UNUSED_VARIABLE = YES;
				MACOSX_DEPLOYMENT_TARGET = 10.7;
				ONLY_ACTIVE_ARCH = YES;
				SDKROOT = macosx;
			};
			name = Debug;
		};
		06A9584814FC33330090B0B7 /* Release */ = {
			isa = XCBuildConfiguration;
			buildSettings = {
				ALWAYS_SEARCH_USER_PATHS = NO;
				ARCHS = "$(ARCHS_STANDARD_64_BIT)";
				COPY_PHASE_STRIP = YES;
				DEBUG_INFORMATION_FORMAT = "dwarf-with-dsym";
				GCC_C_LANGUAGE_STANDARD = gnu99;
				GCC_ENABLE_OBJC_EXCEPTIONS = YES;
				GCC_VERSION = com.apple.compilers.llvm.clang.1_0;
				GCC_WARN_64_TO_32_BIT_CONVERSION = YES;
				GCC_WARN_ABOUT_MISSING_PROTOTYPES = YES;
				GCC_WARN_ABOUT_RETURN_TYPE = YES;
				GCC_WARN_UNUSED_VARIABLE = YES;
				MACOSX_DEPLOYMENT_TARGET = 10.7;
				ONLY_ACTIVE_ARCH = YES;
				SDKROOT = macosx;
			};
			name = Release;
		};
		06A9584A14FC33330090B0B7 /* Debug */ = {
			isa = XCBuildConfiguration;
			buildSettings = {
				DYLIB_COMPATIBILITY_VERSION = 1;
				DYLIB_CURRENT_VERSION = 1;
				FRAMEWORK_VERSION = A;
				GCC_PRECOMPILE_PREFIX_HEADER = NO;
				GCC_PREFIX_HEADER = "";
				INFOPLIST_FILE = "Glui2/Glui2-Info.plist";
				PRODUCT_NAME = "$(TARGET_NAME)";
				WRAPPER_EXTENSION = framework;
			};
			name = Debug;
		};
		06A9584B14FC33330090B0B7 /* Release */ = {
			isa = XCBuildConfiguration;
			buildSettings = {
				DYLIB_COMPATIBILITY_VERSION = 1;
				DYLIB_CURRENT_VERSION = 1;
				FRAMEWORK_VERSION = A;
				GCC_PRECOMPILE_PREFIX_HEADER = NO;
				GCC_PREFIX_HEADER = "";
				INFOPLIST_FILE = "Glui2/Glui2-Info.plist";
				PRODUCT_NAME = "$(TARGET_NAME)";
				WRAPPER_EXTENSION = framework;
			};
			name = Release;
		};
/* End XCBuildConfiguration section */

/* Begin XCConfigurationList section */
		06A9582D14FC33330090B0B7 /* Build configuration list for PBXProject "Library" */ = {
			isa = XCConfigurationList;
			buildConfigurations = (
				06A9584714FC33330090B0B7 /* Debug */,
				06A9584814FC33330090B0B7 /* Release */,
			);
			defaultConfigurationIsVisible = 0;
			defaultConfigurationName = Release;
		};
		06A9584914FC33330090B0B7 /* Build configuration list for PBXNativeTarget "Library" */ = {
			isa = XCConfigurationList;
			buildConfigurations = (
				06A9584A14FC33330090B0B7 /* Debug */,
				06A9584B14FC33330090B0B7 /* Release */,
			);
			defaultConfigurationIsVisible = 0;
			defaultConfigurationName = Release;
		};
/* End XCConfigurationList section */
	};
	rootObject = 06A9582A14FC33330090B0B7 /* Project object */;
}
